
Microsoft Visual Studio Solution File, Format Version 12.00
# Visual Studio Version 17
VisualStudioVersion = 17.8.34322.80
MinimumVisualStudioVersion = 10.0.40219.1
Project("{FAE04EC0-301F-11D3-BF4B-00C04F79EFBC}") = "Ti46Console projeto", "Ti46Console projeto\Ti46Console projeto.csproj", "{4F0E3176-7880-47B5-A03A-4587C3CBBF13}"
EndProject
Global
	GlobalSection(SolutionConfigurationPlatforms) = preSolution
		Debug|Any CPU = Debug|Any CPU
		Release|Any CPU = Release|Any CPU
	EndGlobalSection
	GlobalSection(ProjectConfigurationPlatforms) = postSolution
		{4F0E3176-7880-47B5-A03A-4587C3CBBF13}.Debug|Any CPU.ActiveCfg = Debug|Any CPU
		{4F0E3176-7880-47B5-A03A-4587C3CBBF13}.Debug|Any CPU.Build.0 = Debug|Any CPU
		{4F0E3176-7880-47B5-A03A-4587C3CBBF13}.Release|Any CPU.ActiveCfg = Release|Any CPU
		{4F0E3176-7880-47B5-A03A-4587C3CBBF13}.Release|Any CPU.Build.0 = Release|Any CPU
	EndGlobalSection
	GlobalSection(SolutionProperties) = preSolution
		HideSolutionNode = FALSE
	EndGlobalSection
	GlobalSection(ExtensibilityGlobals) = postSolution
		SolutionGuid = {70F31675-F738-4521-8D4B-E8EAEF1B6197}
	EndGlobalSection
EndGlobal
